// !$*UTF8*$!
{
	archiveVersion = 1;
	classes = {
	};
	objectVersion = 77;
	objects = {

/* Begin PBXContainerItemProxy section */
		FBCDBAB82D4D3335008AD934 /* PBXContainerItemProxy */ = {
			isa = PBXContainerItemProxy;
			containerPortal = FBCDBA992D4D3332008AD934 /* Project object */;
			proxyType = 1;
			remoteGlobalIDString = FBCDBAA02D4D3332008AD934;
			remoteInfo = "cme-technical-assessment";
		};
		FBCDBAC22D4D3335008AD934 /* PBXContainerItemProxy */ = {
			isa = PBXContainerItemProxy;
			containerPortal = FBCDBA992D4D3332008AD934 /* Project object */;
			proxyType = 1;
			remoteGlobalIDString = FBCDBAA02D4D3332008AD934;
			remoteInfo = "cme-technical-assessment";
		};
/* End PBXContainerItemProxy section */

/* Begin PBXFileReference section */
		FBCDBAA12D4D3332008AD934 /* cme-technical-assessment.app */ = {isa = PBXFileReference; explicitFileType = wrapper.application; includeInIndex = 0; path = "cme-technical-assessment.app"; sourceTree = BUILT_PRODUCTS_DIR; };
		FBCDBAB72D4D3335008AD934 /* cme-technical-assessmentTests.xctest */ = {isa = PBXFileReference; explicitFileType = wrapper.cfbundle; includeInIndex = 0; path = "cme-technical-assessmentTests.xctest"; sourceTree = BUILT_PRODUCTS_DIR; };
		FBCDBAC12D4D3335008AD934 /* cme-technical-assessmentUITests.xctest */ = {isa = PBXFileReference; explicitFileType = wrapper.cfbundle; includeInIndex = 0; path = "cme-technical-assessmentUITests.xctest"; sourceTree = BUILT_PRODUCTS_DIR; };
/* End PBXFileReference section */

/* Begin PBXFileSystemSynchronizedBuildFileExceptionSet section */
		FBCDBAC92D4D3335008AD934 /* Exceptions for "cme-technical-assessment" folder in "cme-technical-assessment" target */ = {
			isa = PBXFileSystemSynchronizedBuildFileExceptionSet;
			membershipExceptions = (
				Info.plist,
			);
			target = FBCDBAA02D4D3332008AD934 /* cme-technical-assessment */;
		};
/* End PBXFileSystemSynchronizedBuildFileExceptionSet section */

/* Begin PBXFileSystemSynchronizedRootGroup section */
		FBCDBAA32D4D3332008AD934 /* cme-technical-assessment */ = {
			isa = PBXFileSystemSynchronizedRootGroup;
			exceptions = (
				FBCDBAC92D4D3335008AD934 /* Exceptions for "cme-technical-assessment" folder in "cme-technical-assessment" target */,
			);
			path = "cme-technical-assessment";
			sourceTree = "<group>";
		};
		FBCDBABA2D4D3335008AD934 /* cme-technical-assessmentTests */ = {
			isa = PBXFileSystemSynchronizedRootGroup;
			path = "cme-technical-assessmentTests";
			sourceTree = "<group>";
		};
		FBCDBAC42D4D3335008AD934 /* cme-technical-assessmentUITests */ = {
			isa = PBXFileSystemSynchronizedRootGroup;
			path = "cme-technical-assessmentUITests";
			sourceTree = "<group>";
		};
/* End PBXFileSystemSynchronizedRootGroup section */

/* Begin PBXFrameworksBuildPhase section */
		FBCDBA9E2D4D3332008AD934 /* Frameworks */ = {
			isa = PBXFrameworksBuildPhase;
			buildActionMask = 2147483647;
			files = (
			);
			runOnlyForDeploymentPostprocessing = 0;
		};
		FBCDBAB42D4D3335008AD934 /* Frameworks */ = {
			isa = PBXFrameworksBuildPhase;
			buildActionMask = 2147483647;
			files = (
			);
			runOnlyForDeploymentPostprocessing = 0;
		};
		FBCDBABE2D4D3335008AD934 /* Frameworks */ = {
			isa = PBXFrameworksBuildPhase;
			buildActionMask = 2147483647;
			files = (
			);
			runOnlyForDeploymentPostprocessing = 0;
		};
/* End PBXFrameworksBuildPhase section */

/* Begin PBXGroup section */
		FBCDBA982D4D3332008AD934 = {
			isa = PBXGroup;
			children = (
				FBCDBAA32D4D3332008AD934 /* cme-technical-assessment */,
				FBCDBABA2D4D3335008AD934 /* cme-technical-assessmentTests */,
				FBCDBAC42D4D3335008AD934 /* cme-technical-assessmentUITests */,
				FBCDBAA22D4D3332008AD934 /* Products */,
			);
			sourceTree = "<group>";
		};
		FBCDBAA22D4D3332008AD934 /* Products */ = {
			isa = PBXGroup;
			children = (
				FBCDBAA12D4D3332008AD934 /* cme-technical-assessment.app */,
				FBCDBAB72D4D3335008AD934 /* cme-technical-assessmentTests.xctest */,
				FBCDBAC12D4D3335008AD934 /* cme-technical-assessmentUITests.xctest */,
			);
			name = Products;
			sourceTree = "<group>";
		};
/* End PBXGroup section */

/* Begin PBXNativeTarget section */
		FBCDBAA02D4D3332008AD934 /* cme-technical-assessment */ = {
			isa = PBXNativeTarget;
			buildConfigurationList = FBCDBACA2D4D3335008AD934 /* Build configuration list for PBXNativeTarget "cme-technical-assessment" */;
			buildPhases = (
				FBCDBA9D2D4D3332008AD934 /* Sources */,
				FBCDBA9E2D4D3332008AD934 /* Frameworks */,
				FBCDBA9F2D4D3332008AD934 /* Resources */,
			);
			buildRules = (
			);
			dependencies = (
			);
			fileSystemSynchronizedGroups = (
				FBCDBAA32D4D3332008AD934 /* cme-technical-assessment */,
			);
			name = "cme-technical-assessment";
			packageProductDependencies = (
			);
			productName = "cme-technical-assessment";
			productReference = FBCDBAA12D4D3332008AD934 /* cme-technical-assessment.app */;
			productType = "com.apple.product-type.application";
		};
		FBCDBAB62D4D3335008AD934 /* cme-technical-assessmentTests */ = {
			isa = PBXNativeTarget;
			buildConfigurationList = FBCDBACF2D4D3335008AD934 /* Build configuration list for PBXNativeTarget "cme-technical-assessmentTests" */;
			buildPhases = (
				FBCDBAB32D4D3335008AD934 /* Sources */,
				FBCDBAB42D4D3335008AD934 /* Frameworks */,
				FBCDBAB52D4D3335008AD934 /* Resources */,
			);
			buildRules = (
			);
			dependencies = (
				FBCDBAB92D4D3335008AD934 /* PBXTargetDependency */,
			);
			fileSystemSynchronizedGroups = (
				FBCDBABA2D4D3335008AD934 /* cme-technical-assessmentTests */,
			);
			name = "cme-technical-assessmentTests";
			packageProductDependencies = (
			);
			productName = "cme-technical-assessmentTests";
			productReference = FBCDBAB72D4D3335008AD934 /* cme-technical-assessmentTests.xctest */;
			productType = "com.apple.product-type.bundle.unit-test";
		};
		FBCDBAC02D4D3335008AD934 /* cme-technical-assessmentUITests */ = {
			isa = PBXNativeTarget;
			buildConfigurationList = FBCDBAD22D4D3335008AD934 /* Build configuration list for PBXNativeTarget "cme-technical-assessmentUITests" */;
			buildPhases = (
				FBCDBABD2D4D3335008AD934 /* Sources */,
				FBCDBABE2D4D3335008AD934 /* Frameworks */,
				FBCDBABF2D4D3335008AD934 /* Resources */,
			);
			buildRules = (
			);
			dependencies = (
				FBCDBAC32D4D3335008AD934 /* PBXTargetDependency */,
			);
			fileSystemSynchronizedGroups = (
				FBCDBAC42D4D3335008AD934 /* cme-technical-assessmentUITests */,
			);
			name = "cme-technical-assessmentUITests";
			packageProductDependencies = (
			);
			productName = "cme-technical-assessmentUITests";
			productReference = FBCDBAC12D4D3335008AD934 /* cme-technical-assessmentUITests.xctest */;
			productType = "com.apple.product-type.bundle.ui-testing";
		};
/* End PBXNativeTarget section */

/* Begin PBXProject section */
		FBCDBA992D4D3332008AD934 /* Project object */ = {
			isa = PBXProject;
			attributes = {
				BuildIndependentTargetsInParallel = 1;
				LastSwiftUpdateCheck = 1610;
				LastUpgradeCheck = 1610;
				TargetAttributes = {
					FBCDBAA02D4D3332008AD934 = {
						CreatedOnToolsVersion = 16.1;
					};
					FBCDBAB62D4D3335008AD934 = {
						CreatedOnToolsVersion = 16.1;
						TestTargetID = FBCDBAA02D4D3332008AD934;
					};
					FBCDBAC02D4D3335008AD934 = {
						CreatedOnToolsVersion = 16.1;
						TestTargetID = FBCDBAA02D4D3332008AD934;
					};
				};
			};
			buildConfigurationList = FBCDBA9C2D4D3332008AD934 /* Build configuration list for PBXProject "cme-technical-assessment" */;
			developmentRegion = en;
			hasScannedForEncodings = 0;
			knownRegions = (
				en,
				Base,
			);
			mainGroup = FBCDBA982D4D3332008AD934;
			minimizedProjectReferenceProxies = 1;
			preferredProjectObjectVersion = 77;
			productRefGroup = FBCDBAA22D4D3332008AD934 /* Products */;
			projectDirPath = "";
			projectRoot = "";
			targets = (
				FBCDBAA02D4D3332008AD934 /* cme-technical-assessment */,
				FBCDBAB62D4D3335008AD934 /* cme-technical-assessmentTests */,
				FBCDBAC02D4D3335008AD934 /* cme-technical-assessmentUITests */,
			);
		};
/* End PBXProject section */

/* Begin PBXResourcesBuildPhase section */
		FBCDBA9F2D4D3332008AD934 /* Resources */ = {
			isa = PBXResourcesBuildPhase;
			buildActionMask = 2147483647;
			files = (
			);
			runOnlyForDeploymentPostprocessing = 0;
		};
		FBCDBAB52D4D3335008AD934 /* Resources */ = {
			isa = PBXResourcesBuildPhase;
			buildActionMask = 2147483647;
			files = (
			);
			runOnlyForDeploymentPostprocessing = 0;
		};
		FBCDBABF2D4D3335008AD934 /* Resources */ = {
			isa = PBXResourcesBuildPhase;
			buildActionMask = 2147483647;
			files = (
			);
			runOnlyForDeploymentPostprocessing = 0;
		};
/* End PBXResourcesBuildPhase section */

/* Begin PBXSourcesBuildPhase section */
		FBCDBA9D2D4D3332008AD934 /* Sources */ = {
			isa = PBXSourcesBuildPhase;
			buildActionMask = 2147483647;
			files = (
			);
			runOnlyForDeploymentPostprocessing = 0;
		};
		FBCDBAB32D4D3335008AD934 /* Sources */ = {
			isa = PBXSourcesBuildPhase;
			buildActionMask = 2147483647;
			files = (
			);
			runOnlyForDeploymentPostprocessing = 0;
		};
		FBCDBABD2D4D3335008AD934 /* Sources */ = {
			isa = PBXSourcesBuildPhase;
			buildActionMask = 2147483647;
			files = (
			);
			runOnlyForDeploymentPostprocessing = 0;
		};
/* End PBXSourcesBuildPhase section */

/* Begin PBXTargetDependency section */
		FBCDBAB92D4D3335008AD934 /* PBXTargetDependency */ = {
			isa = PBXTargetDependency;
			target = FBCDBAA02D4D3332008AD934 /* cme-technical-assessment */;
			targetProxy = FBCDBAB82D4D3335008AD934 /* PBXContainerItemProxy */;
		};
		FBCDBAC32D4D3335008AD934 /* PBXTargetDependency */ = {
			isa = PBXTargetDependency;
			target = FBCDBAA02D4D3332008AD934 /* cme-technical-assessment */;
			targetProxy = FBCDBAC22D4D3335008AD934 /* PBXContainerItemProxy */;
		};
/* End PBXTargetDependency section */

/* Begin XCBuildConfiguration section */
		FBCDBACB2D4D3335008AD934 /* Debug */ = {
			isa = XCBuildConfiguration;
			buildSettings = {
				ASSETCATALOG_COMPILER_APPICON_NAME = AppIcon;
				ASSETCATALOG_COMPILER_GLOBAL_ACCENT_COLOR_NAME = AccentColor;
				CODE_SIGN_STYLE = Automatic;
				CURRENT_PROJECT_VERSION = 1;
				DEVELOPMENT_TEAM = 2QGQ79SH6J;
				GENERATE_INFOPLIST_FILE = YES;
				INFOPLIST_FILE = "cme-technical-assessment/Info.plist";
				INFOPLIST_KEY_UIApplicationSupportsIndirectInputEvents = YES;
				INFOPLIST_KEY_UILaunchStoryboardName = LaunchScreen;
				INFOPLIST_KEY_UIMainStoryboardFile = Main;
				INFOPLIST_KEY_UISupportedInterfaceOrientations_iPad = "UIInterfaceOrientationPortrait UIInterfaceOrientationPortraitUpsideDown UIInterfaceOrientationLandscapeLeft UIInterfaceOrientationLandscapeRight";
				INFOPLIST_KEY_UISupportedInterfaceOrientations_iPhone = "UIInterfaceOrientationPortrait UIInterfaceOrientationLandscapeLeft UIInterfaceOrientationLandscapeRight";
				LD_RUNPATH_SEARCH_PATHS = (
					"$(inherited)",
					"@executable_path/Frameworks",
				);
				MARKETING_VERSION = 1.0;
				PRODUCT_BUNDLE_IDENTIFIER = "com.amirmorsy.cme-technical-assessment";
				PRODUCT_NAME = "$(TARGET_NAME)";
				SWIFT_EMIT_LOC_STRINGS = YES;
				SWIFT_VERSION = 5.0;
				TARGETED_DEVICE_FAMILY = "1,2";
			};
			name = Debug;
		};
		FBCDBACC2D4D3335008AD934 /* Release */ = {
			isa = XCBuildConfiguration;
			buildSettings = {
				ASSETCATALOG_COMPILER_APPICON_NAME = AppIcon;
				ASSETCATALOG_COMPILER_GLOBAL_ACCENT_COLOR_NAME = AccentColor;
				CODE_SIGN_STYLE = Automatic;
				CURRENT_PROJECT_VERSION = 1;
				DEVELOPMENT_TEAM = 2QGQ79SH6J;
				GENERATE_INFOPLIST_FILE = YES;
				INFOPLIST_FILE = "cme-technical-assessment/Info.plist";
				INFOPLIST_KEY_UIApplicationSupportsIndirectInputEvents = YES;
				INFOPLIST_KEY_UILaunchStoryboardName = LaunchScreen;
				INFOPLIST_KEY_UIMainStoryboardFile = Main;
				INFOPLIST_KEY_UISupportedInterfaceOrientations_iPad = "UIInterfaceOrientationPortrait UIInterfaceOrientationPortraitUpsideDown UIInterfaceOrientationLandscapeLeft UIInterfaceOrientationLandscapeRight";
				INFOPLIST_KEY_UISupportedInterfaceOrientations_iPhone = "UIInterfaceOrientationPortrait UIInterfaceOrientationLandscapeLeft UIInterfaceOrientationLandscapeRight";
				LD_RUNPATH_SEARCH_PATHS = (
					"$(inherited)",
					"@executable_path/Frameworks",
				);
				MARKETING_VERSION = 1.0;
				PRODUCT_BUNDLE_IDENTIFIER = "com.amirmorsy.cme-technical-assessment";
				PRODUCT_NAME = "$(TARGET_NAME)";
				SWIFT_EMIT_LOC_STRINGS = YES;
				SWIFT_VERSION = 5.0;
				TARGETED_DEVICE_FAMILY = "1,2";
			};
			name = Release;
		};
		FBCDBACD2D4D3335008AD934 /* Debug */ = {
			isa = XCBuildConfiguration;
			buildSettings = {
				ALWAYS_SEARCH_USER_PATHS = NO;
				ASSETCATALOG_COMPILER_GENERATE_SWIFT_ASSET_SYMBOL_EXTENSIONS = YES;
				CLANG_ANALYZER_NONNULL = YES;
				CLANG_ANALYZER_NUMBER_OBJECT_CONVERSION = YES_AGGRESSIVE;
				CLANG_CXX_LANGUAGE_STANDARD = "gnu++20";
				CLANG_ENABLE_MODULES = YES;
				CLANG_ENABLE_OBJC_ARC = YES;
				CLANG_ENABLE_OBJC_WEAK = YES;
				CLANG_WARN_BLOCK_CAPTURE_AUTORELEASING = YES;
				CLANG_WARN_BOOL_CONVERSION = YES;
				CLANG_WARN_COMMA = YES;
				CLANG_WARN_CONSTANT_CONVERSION = YES;
				CLANG_WARN_DEPRECATED_OBJC_IMPLEMENTATIONS = YES;
				CLANG_WARN_DIRECT_OBJC_ISA_USAGE = YES_ERROR;
				CLANG_WARN_DOCUMENTATION_COMMENTS = YES;
				CLANG_WARN_EMPTY_BODY = YES;
				CLANG_WARN_ENUM_CONVERSION = YES;
				CLANG_WARN_INFINITE_RECURSION = YES;
				CLANG_WARN_INT_CONVERSION = YES;
				CLANG_WARN_NON_LITERAL_NULL_CONVERSION = YES;
				CLANG_WARN_OBJC_IMPLICIT_RETAIN_SELF = YES;
				CLANG_WARN_OBJC_LITERAL_CONVERSION = YES;
				CLANG_WARN_OBJC_ROOT_CLASS = YES_ERROR;
				CLANG_WARN_QUOTED_INCLUDE_IN_FRAMEWORK_HEADER = YES;
				CLANG_WARN_RANGE_LOOP_ANALYSIS = YES;
				CLANG_WARN_STRICT_PROTOTYPES = YES;
				CLANG_WARN_SUSPICIOUS_MOVE = YES;
				CLANG_WARN_UNGUARDED_AVAILABILITY = YES_AGGRESSIVE;
				CLANG_WARN_UNREACHABLE_CODE = YES;
				CLANG_WARN__DUPLICATE_METHOD_MATCH = YES;
				COPY_PHASE_STRIP = NO;
				DEBUG_INFORMATION_FORMAT = dwarf;
				ENABLE_STRICT_OBJC_MSGSEND = YES;
				ENABLE_TESTABILITY = YES;
				ENABLE_USER_SCRIPT_SANDBOXING = YES;
				GCC_C_LANGUAGE_STANDARD = gnu17;
				GCC_DYNAMIC_NO_PIC = NO;
				GCC_NO_COMMON_BLOCKS = YES;
				GCC_OPTIMIZATION_LEVEL = 0;
				GCC_PREPROCESSOR_DEFINITIONS = (
					"DEBUG=1",
					"$(inherited)",
				);
				GCC_WARN_64_TO_32_BIT_CONVERSION = YES;
				GCC_WARN_ABOUT_RETURN_TYPE = YES_ERROR;
				GCC_WARN_UNDECLARED_SELECTOR = YES;
				GCC_WARN_UNINITIALIZED_AUTOS = YES_AGGRESSIVE;
				GCC_WARN_UNUSED_FUNCTION = YES;
				GCC_WARN_UNUSED_VARIABLE = YES;
				IPHONEOS_DEPLOYMENT_TARGET = 18.1;
				LOCALIZATION_PREFERS_STRING_CATALOGS = YES;
				MTL_ENABLE_DEBUG_INFO = INCLUDE_SOURCE;
				MTL_FAST_MATH = YES;
				ONLY_ACTIVE_ARCH = YES;
				SDKROOT = iphoneos;
				SWIFT_ACTIVE_COMPILATION_CONDITIONS = "DEBUG $(inherited)";
				SWIFT_OPTIMIZATION_LEVEL = "-Onone";
			};
			name = Debug;
		};
		FBCDBACE2D4D3335008AD934 /* Release */ = {
			isa = XCBuildConfiguration;
			buildSettings = {
				ALWAYS_SEARCH_USER_PATHS = NO;
				ASSETCATALOG_COMPILER_GENERATE_SWIFT_ASSET_SYMBOL_EXTENSIONS = YES;
				CLANG_ANALYZER_NONNULL = YES;
				CLANG_ANALYZER_NUMBER_OBJECT_CONVERSION = YES_AGGRESSIVE;
				CLANG_CXX_LANGUAGE_STANDARD = "gnu++20";
				CLANG_ENABLE_MODULES = YES;
				CLANG_ENABLE_OBJC_ARC = YES;
				CLANG_ENABLE_OBJC_WEAK = YES;
				CLANG_WARN_BLOCK_CAPTURE_AUTORELEASING = YES;
				CLANG_WARN_BOOL_CONVERSION = YES;
				CLANG_WARN_COMMA = YES;
				CLANG_WARN_CONSTANT_CONVERSION = YES;
				CLANG_WARN_DEPRECATED_OBJC_IMPLEMENTATIONS = YES;
				CLANG_WARN_DIRECT_OBJC_ISA_USAGE = YES_ERROR;
				CLANG_WARN_DOCUMENTATION_COMMENTS = YES;
				CLANG_WARN_EMPTY_BODY = YES;
				CLANG_WARN_ENUM_CONVERSION = YES;
				CLANG_WARN_INFINITE_RECURSION = YES;
				CLANG_WARN_INT_CONVERSION = YES;
				CLANG_WARN_NON_LITERAL_NULL_CONVERSION = YES;
				CLANG_WARN_OBJC_IMPLICIT_RETAIN_SELF = YES;
				CLANG_WARN_OBJC_LITERAL_CONVERSION = YES;
				CLANG_WARN_OBJC_ROOT_CLASS = YES_ERROR;
				CLANG_WARN_QUOTED_INCLUDE_IN_FRAMEWORK_HEADER = YES;
				CLANG_WARN_RANGE_LOOP_ANALYSIS = YES;
				CLANG_WARN_STRICT_PROTOTYPES = YES;
				CLANG_WARN_SUSPICIOUS_MOVE = YES;
				CLANG_WARN_UNGUARDED_AVAILABILITY = YES_AGGRESSIVE;
				CLANG_WARN_UNREACHABLE_CODE = YES;
				CLANG_WARN__DUPLICATE_METHOD_MATCH = YES;
				COPY_PHASE_STRIP = NO;
				DEBUG_INFORMATION_FORMAT = "dwarf-with-dsym";
				ENABLE_NS_ASSERTIONS = NO;
				ENABLE_STRICT_OBJC_MSGSEND = YES;
				ENABLE_USER_SCRIPT_SANDBOXING = YES;
				GCC_C_LANGUAGE_STANDARD = gnu17;
				GCC_NO_COMMON_BLOCKS = YES;
				GCC_WARN_64_TO_32_BIT_CONVERSION = YES;
				GCC_WARN_ABOUT_RETURN_TYPE = YES_ERROR;
				GCC_WARN_UNDECLARED_SELECTOR = YES;
				GCC_WARN_UNINITIALIZED_AUTOS = YES_AGGRESSIVE;
				GCC_WARN_UNUSED_FUNCTION = YES;
				GCC_WARN_UNUSED_VARIABLE = YES;
				IPHONEOS_DEPLOYMENT_TARGET = 18.1;
				LOCALIZATION_PREFERS_STRING_CATALOGS = YES;
				MTL_ENABLE_DEBUG_INFO = NO;
				MTL_FAST_MATH = YES;
				SDKROOT = iphoneos;
				SWIFT_COMPILATION_MODE = wholemodule;
				VALIDATE_PRODUCT = YES;
			};
			name = Release;
		};
		FBCDBAD02D4D3335008AD934 /* Debug */ = {
			isa = XCBuildConfiguration;
			buildSettings = {
				BUNDLE_LOADER = "$(TEST_HOST)";
				CODE_SIGN_STYLE = Automatic;
				CURRENT_PROJECT_VERSION = 1;
				DEVELOPMENT_TEAM = 2QGQ79SH6J;
				GENERATE_INFOPLIST_FILE = YES;
				IPHONEOS_DEPLOYMENT_TARGET = 18.1;
				MARKETING_VERSION = 1.0;
				PRODUCT_BUNDLE_IDENTIFIER = "com.amirmorsy.cme-technical-assessmentTests";
				PRODUCT_NAME = "$(TARGET_NAME)";
				SWIFT_EMIT_LOC_STRINGS = NO;
				SWIFT_VERSION = 5.0;
				TARGETED_DEVICE_FAMILY = "1,2";
				TEST_HOST = "$(BUILT_PRODUCTS_DIR)/cme-technical-assessment.app/$(BUNDLE_EXECUTABLE_FOLDER_PATH)/cme-technical-assessment";
			};
			name = Debug;
		};
		FBCDBAD12D4D3335008AD934 /* Release */ = {
			isa = XCBuildConfiguration;
			buildSettings = {
				BUNDLE_LOADER = "$(TEST_HOST)";
				CODE_SIGN_STYLE = Automatic;
				CURRENT_PROJECT_VERSION = 1;
				DEVELOPMENT_TEAM = 2QGQ79SH6J;
				GENERATE_INFOPLIST_FILE = YES;
				IPHONEOS_DEPLOYMENT_TARGET = 18.1;
				MARKETING_VERSION = 1.0;
				PRODUCT_BUNDLE_IDENTIFIER = "com.amirmorsy.cme-technical-assessmentTests";
				PRODUCT_NAME = "$(TARGET_NAME)";
				SWIFT_EMIT_LOC_STRINGS = NO;
				SWIFT_VERSION = 5.0;
				TARGETED_DEVICE_FAMILY = "1,2";
				TEST_HOST = "$(BUILT_PRODUCTS_DIR)/cme-technical-assessment.app/$(BUNDLE_EXECUTABLE_FOLDER_PATH)/cme-technical-assessment";
			};
			name = Release;
		};
		FBCDBAD32D4D3335008AD934 /* Debug */ = {
			isa = XCBuildConfiguration;
			buildSettings = {
				CODE_SIGN_STYLE = Automatic;
				CURRENT_PROJECT_VERSION = 1;
				DEVELOPMENT_TEAM = 2QGQ79SH6J;
				GENERATE_INFOPLIST_FILE = YES;
				MARKETING_VERSION = 1.0;
				PRODUCT_BUNDLE_IDENTIFIER = "com.amirmorsy.cme-technical-assessmentUITests";
				PRODUCT_NAME = "$(TARGET_NAME)";
				SWIFT_EMIT_LOC_STRINGS = NO;
				SWIFT_VERSION = 5.0;
				TARGETED_DEVICE_FAMILY = "1,2";
				TEST_TARGET_NAME = "cme-technical-assessment";
			};
			name = Debug;
		};
		FBCDBAD42D4D3335008AD934 /* Release */ = {
			isa = XCBuildConfiguration;
			buildSettings = {
				CODE_SIGN_STYLE = Automatic;
				CURRENT_PROJECT_VERSION = 1;
				DEVELOPMENT_TEAM = 2QGQ79SH6J;
				GENERATE_INFOPLIST_FILE = YES;
				MARKETING_VERSION = 1.0;
				PRODUCT_BUNDLE_IDENTIFIER = "com.amirmorsy.cme-technical-assessmentUITests";
				PRODUCT_NAME = "$(TARGET_NAME)";
				SWIFT_EMIT_LOC_STRINGS = NO;
				SWIFT_VERSION = 5.0;
				TARGETED_DEVICE_FAMILY = "1,2";
				TEST_TARGET_NAME = "cme-technical-assessment";
			};
			name = Release;
		};
/* End XCBuildConfiguration section */

/* Begin XCConfigurationList section */
		FBCDBA9C2D4D3332008AD934 /* Build configuration list for PBXProject "cme-technical-assessment" */ = {
			isa = XCConfigurationList;
			buildConfigurations = (
				FBCDBACD2D4D3335008AD934 /* Debug */,
				FBCDBACE2D4D3335008AD934 /* Release */,
			);
			defaultConfigurationIsVisible = 0;
			defaultConfigurationName = Release;
		};
		FBCDBACA2D4D3335008AD934 /* Build configuration list for PBXNativeTarget "cme-technical-assessment" */ = {
			isa = XCConfigurationList;
			buildConfigurations = (
				FBCDBACB2D4D3335008AD934 /* Debug */,
				FBCDBACC2D4D3335008AD934 /* Release */,
			);
			defaultConfigurationIsVisible = 0;
			defaultConfigurationName = Release;
		};
		FBCDBACF2D4D3335008AD934 /* Build configuration list for PBXNativeTarget "cme-technical-assessmentTests" */ = {
			isa = XCConfigurationList;
			buildConfigurations = (
				FBCDBAD02D4D3335008AD934 /* Debug */,
				FBCDBAD12D4D3335008AD934 /* Release */,
			);
			defaultConfigurationIsVisible = 0;
			defaultConfigurationName = Release;
		};
		FBCDBAD22D4D3335008AD934 /* Build configuration list for PBXNativeTarget "cme-technical-assessmentUITests" */ = {
			isa = XCConfigurationList;
			buildConfigurations = (
				FBCDBAD32D4D3335008AD934 /* Debug */,
				FBCDBAD42D4D3335008AD934 /* Release */,
			);
			defaultConfigurationIsVisible = 0;
			defaultConfigurationName = Release;
		};
/* End XCConfigurationList section */
	};
	rootObject = FBCDBA992D4D3332008AD934 /* Project object */;
}
